# THIS IS AN AUTOGENERATED FILE. DO NOT EDIT THIS FILE DIRECTLY.
# yarn lockfile v1


react-editext@^3.17.1:
  version "3.17.1"
  resolved "https://registry.yarnpkg.com/react-editext/-/react-editext-3.17.1.tgz#0f531ded1e1b919b884a7977eeb99b6d6ebb9f67"
  integrity sha512-PO3BUG9pTed43iC6j74rhDGCM+H3cl6HDshjYBVx6d+GP7uDy4VDXTlooQHdEuH8LfK9p6DA056K3oxYtDr2vg==
